
Microsoft Visual Studio Solution File, Format Version 12.00
# Visual Studio Version 17
VisualStudioVersion = 17.8.34316.72
MinimumVisualStudioVersion = 10.0.40219.1
Project("{2150E333-8FDC-42A3-9474-1A3956D46DE8}") = "src", "src", "{E744733A-FE74-4D9F-BED3-EC04A59F989E}"
EndProject
Project("{9A19103F-16F7-4668-BE54-9A1E7A4F7556}") = "Catalog.API", "Catalog.API\Catalog.API.csproj", "{0C559F69-3C45-49B8-955F-18ED38932D92}"
EndProject
Global
	GlobalSection(SolutionConfigurationPlatforms) = preSolution
		Debug|Any CPU = Debug|Any CPU
		Release|Any CPU = Release|Any CPU
	EndGlobalSection
	GlobalSection(ProjectConfigurationPlatforms) = postSolution
		{0C559F69-3C45-49B8-955F-18ED38932D92}.Debug|Any CPU.ActiveCfg = Debug|Any CPU
		{0C559F69-3C45-49B8-955F-18ED38932D92}.Debug|Any CPU.Build.0 = Debug|Any CPU
		{0C559F69-3C45-49B8-955F-18ED38932D92}.Release|Any CPU.ActiveCfg = Release|Any CPU
		{0C559F69-3C45-49B8-955F-18ED38932D92}.Release|Any CPU.Build.0 = Release|Any CPU
	EndGlobalSection
	GlobalSection(SolutionProperties) = preSolution
		HideSolutionNode = FALSE
	EndGlobalSection
	GlobalSection(NestedProjects) = preSolution
		{0C559F69-3C45-49B8-955F-18ED38932D92} = {E744733A-FE74-4D9F-BED3-EC04A59F989E}
	EndGlobalSection
	GlobalSection(ExtensibilityGlobals) = postSolution
		SolutionGuid = {1BD02480-3626-413F-84AC-66E33FC8F042}
	EndGlobalSection
EndGlobal
